
Microsoft Visual Studio Solution File, Format Version 12.00
# Visual Studio 2012
Project("{FAE04EC0-301F-11D3-BF4B-00C04F79EFBC}") = "Capitulo01", "Capitulo01\Capitulo01.csproj", "{C443BAF3-3E21-4C15-9E4C-C08C269E51A3}"
EndProject
Global
	GlobalSection(SolutionConfigurationPlatforms) = preSolution
		Debug|Any CPU = Debug|Any CPU
		Release|Any CPU = Release|Any CPU
	EndGlobalSection
	GlobalSection(ProjectConfigurationPlatforms) = postSolution
		{C443BAF3-3E21-4C15-9E4C-C08C269E51A3}.Debug|Any CPU.ActiveCfg = Debug|Any CPU
		{C443BAF3-3E21-4C15-9E4C-C08C269E51A3}.Debug|Any CPU.Build.0 = Debug|Any CPU
		{C443BAF3-3E21-4C15-9E4C-C08C269E51A3}.Release|Any CPU.ActiveCfg = Release|Any CPU
		{C443BAF3-3E21-4C15-9E4C-C08C269E51A3}.Release|Any CPU.Build.0 = Release|Any CPU
	EndGlobalSection
EndGlobal
